// !$*UTF8*$!
{
	archiveVersion = 1;
	classes = {
	};
	objectVersion = 50;
	objects = {

/* Begin PBXBuildFile section */
		036D21072094B6EE00E97E8B /* AppDelegate.swift in Sources */ = {isa = PBXBuildFile; fileRef = 036D21062094B6EE00E97E8B /* AppDelegate.swift */; };
		036D21092094B6EE00E97E8B /* ViewController.swift in Sources */ = {isa = PBXBuildFile; fileRef = 036D21082094B6EE00E97E8B /* ViewController.swift */; };
		036D210C2094B6EE00E97E8B /* Main.storyboard in Resources */ = {isa = PBXBuildFile; fileRef = 036D210A2094B6EE00E97E8B /* Main.storyboard */; };
		036D210E2094B6F000E97E8B /* Assets.xcassets in Resources */ = {isa = PBXBuildFile; fileRef = 036D210D2094B6F000E97E8B /* Assets.xcassets */; };
		036D21112094B6F000E97E8B /* LaunchScreen.storyboard in Resources */ = {isa = PBXBuildFile; fileRef = 036D210F2094B6F000E97E8B /* LaunchScreen.storyboard */; };
		036D21192094B74200E97E8B /* ChangeScaleButton.swift in Sources */ = {isa = PBXBuildFile; fileRef = 036D21182094B74200E97E8B /* ChangeScaleButton.swift */; };
/* End PBXBuildFile section */

/* Begin PBXFileReference section */
		036D21032094B6EE00E97E8B /* TapAnimationButton.app */ = {isa = PBXFileReference; explicitFileType = wrapper.application; includeInIndex = 0; path = TapAnimationButton.app; sourceTree = BUILT_PRODUCTS_DIR; };
		036D21062094B6EE00E97E8B /* AppDelegate.swift */ = {isa = PBXFileReference; lastKnownFileType = sourcecode.swift; path = AppDelegate.swift; sourceTree = "<group>"; };
		036D21082094B6EE00E97E8B /* ViewController.swift */ = {isa = PBXFileReference; lastKnownFileType = sourcecode.swift; path = ViewController.swift; sourceTree = "<group>"; };
		036D210B2094B6EE00E97E8B /* Base */ = {isa = PBXFileReference; lastKnownFileType = file.storyboard; name = Base; path = Base.lproj/Main.storyboard; sourceTree = "<group>"; };
		036D210D2094B6F000E97E8B /* Assets.xcassets */ = {isa = PBXFileReference; lastKnownFileType = folder.assetcatalog; path = Assets.xcassets; sourceTree = "<group>"; };
		036D21102094B6F000E97E8B /* Base */ = {isa = PBXFileReference; lastKnownFileType = file.storyboard; name = Base; path = Base.lproj/LaunchScreen.storyboard; sourceTree = "<group>"; };
		036D21122094B6F000E97E8B /* Info.plist */ = {isa = PBXFileReference; lastKnownFileType = text.plist.xml; path = Info.plist; sourceTree = "<group>"; };
		036D21182094B74200E97E8B /* ChangeScaleButton.swift */ = {isa = PBXFileReference; lastKnownFileType = sourcecode.swift; path = ChangeScaleButton.swift; sourceTree = "<group>"; };
/* End PBXFileReference section */

/* Begin PBXFrameworksBuildPhase section */
		036D21002094B6EE00E97E8B /* Frameworks */ = {
			isa = PBXFrameworksBuildPhase;
			buildActionMask = 2147483647;
			files = (
			);
			runOnlyForDeploymentPostprocessing = 0;
		};
/* End PBXFrameworksBuildPhase section */

/* Begin PBXGroup section */
		036D20FA2094B6EE00E97E8B = {
			isa = PBXGroup;
			children = (
				036D21052094B6EE00E97E8B /* TapAnimationButton */,
				036D21042094B6EE00E97E8B /* Products */,
			);
			sourceTree = "<group>";
		};
		036D21042094B6EE00E97E8B /* Products */ = {
			isa = PBXGroup;
			children = (
				036D21032094B6EE00E97E8B /* TapAnimationButton.app */,
			);
			name = Products;
			sourceTree = "<group>";
		};
		036D21052094B6EE00E97E8B /* TapAnimationButton */ = {
			isa = PBXGroup;
			children = (
				036D21062094B6EE00E97E8B /* AppDelegate.swift */,
				036D21082094B6EE00E97E8B /* ViewController.swift */,
				036D210A2094B6EE00E97E8B /* Main.storyboard */,
				036D210D2094B6F000E97E8B /* Assets.xcassets */,
				036D210F2094B6F000E97E8B /* LaunchScreen.storyboard */,
				036D21122094B6F000E97E8B /* Info.plist */,
				036D21182094B74200E97E8B /* ChangeScaleButton.swift */,
			);
			path = TapAnimationButton;
			sourceTree = "<group>";
		};
/* End PBXGroup section */

/* Begin PBXNativeTarget section */
		036D21022094B6EE00E97E8B /* TapAnimationButton */ = {
			isa = PBXNativeTarget;
			buildConfigurationList = 036D21152094B6F000E97E8B /* Build configuration list for PBXNativeTarget "TapAnimationButton" */;
			buildPhases = (
				036D20FF2094B6EE00E97E8B /* Sources */,
				036D21002094B6EE00E97E8B /* Frameworks */,
				036D21012094B6EE00E97E8B /* Resources */,
			);
			buildRules = (
			);
			dependencies = (
			);
			name = TapAnimationButton;
			productName = TapAnimationButton;
			productReference = 036D21032094B6EE00E97E8B /* TapAnimationButton.app */;
			productType = "com.apple.product-type.application";
		};
/* End PBXNativeTarget section */

/* Begin PBXProject section */
		036D20FB2094B6EE00E97E8B /* Project object */ = {
			isa = PBXProject;
			attributes = {
				LastSwiftUpdateCheck = 0930;
				LastUpgradeCheck = 0930;
				ORGANIZATIONNAME = "Kentarou Tsurumoto";
				TargetAttributes = {
					036D21022094B6EE00E97E8B = {
						CreatedOnToolsVersion = 9.3;
					};
				};
			};
			buildConfigurationList = 036D20FE2094B6EE00E97E8B /* Build configuration list for PBXProject "TapAnimationButton" */;
			compatibilityVersion = "Xcode 9.3";
			developmentRegion = en;
			hasScannedForEncodings = 0;
			knownRegions = (
				en,
				Base,
			);
			mainGroup = 036D20FA2094B6EE00E97E8B;
			productRefGroup = 036D21042094B6EE00E97E8B /* Products */;
			projectDirPath = "";
			projectRoot = "";
			targets = (
				036D21022094B6EE00E97E8B /* TapAnimationButton */,
			);
		};
/* End PBXProject section */

/* Begin PBXResourcesBuildPhase section */
		036D21012094B6EE00E97E8B /* Resources */ = {
			isa = PBXResourcesBuildPhase;
			buildActionMask = 2147483647;
			files = (
				036D21112094B6F000E97E8B /* LaunchScreen.storyboard in Resources */,
				036D210E2094B6F000E97E8B /* Assets.xcassets in Resources */,
				036D210C2094B6EE00E97E8B /* Main.storyboard in Resources */,
			);
			runOnlyForDeploymentPostprocessing = 0;
		};
/* End PBXResourcesBuildPhase section */

/* Begin PBXSourcesBuildPhase section */
		036D20FF2094B6EE00E97E8B /* Sources */ = {
			isa = PBXSourcesBuildPhase;
			buildActionMask = 2147483647;
			files = (
				036D21092094B6EE00E97E8B /* ViewController.swift in Sources */,
				036D21192094B74200E97E8B /* ChangeScaleButton.swift in Sources */,
				036D21072094B6EE00E97E8B /* AppDelegate.swift in Sources */,
			);
			runOnlyForDeploymentPostprocessing = 0;
		};
/* End PBXSourcesBuildPhase section */

/* Begin PBXVariantGroup section */
		036D210A2094B6EE00E97E8B /* Main.storyboard */ = {
			isa = PBXVariantGroup;
			children = (
				036D210B2094B6EE00E97E8B /* Base */,
			);
			name = Main.storyboard;
			sourceTree = "<group>";
		};
		036D210F2094B6F000E97E8B /* LaunchScreen.storyboard */ = {
			isa = PBXVariantGroup;
			children = (
				036D21102094B6F000E97E8B /* Base */,
			);
			name = LaunchScreen.storyboard;
			sourceTree = "<group>";
		};
/* End PBXVariantGroup section */

/* Begin XCBuildConfiguration section */
		036D21132094B6F000E97E8B /* Debug */ = {
			isa = XCBuildConfiguration;
			buildSettings = {
				ALWAYS_SEARCH_USER_PATHS = NO;
				CLANG_ANALYZER_NONNULL = YES;
				CLANG_ANALYZER_NUMBER_OBJECT_CONVERSION = YES_AGGRESSIVE;
				CLANG_CXX_LANGUAGE_STANDARD = "gnu++14";
				CLANG_CXX_LIBRARY = "libc++";
				CLANG_ENABLE_MODULES = YES;
				CLANG_ENABLE_OBJC_ARC = YES;
				CLANG_ENABLE_OBJC_WEAK = YES;
				CLANG_WARN_BLOCK_CAPTURE_AUTORELEASING = YES;
				CLANG_WARN_BOOL_CONVERSION = YES;
				CLANG_WARN_COMMA = YES;
				CLANG_WARN_CONSTANT_CONVERSION = YES;
				CLANG_WARN_DEPRECATED_OBJC_IMPLEMENTATIONS = YES;
				CLANG_WARN_DIRECT_OBJC_ISA_USAGE = YES_ERROR;
				CLANG_WARN_DOCUMENTATION_COMMENTS = YES;
				CLANG_WARN_EMPTY_BODY = YES;
				CLANG_WARN_ENUM_CONVERSION = YES;
				CLANG_WARN_INFINITE_RECURSION = YES;
				CLANG_WARN_INT_CONVERSION = YES;
				CLANG_WARN_NON_LITERAL_NULL_CONVERSION = YES;
				CLANG_WARN_OBJC_IMPLICIT_RETAIN_SELF = YES;
				CLANG_WARN_OBJC_LITERAL_CONVERSION = YES;
				CLANG_WARN_OBJC_ROOT_CLASS = YES_ERROR;
				CLANG_WARN_RANGE_LOOP_ANALYSIS = YES;
				CLANG_WARN_STRICT_PROTOTYPES = YES;
				CLANG_WARN_SUSPICIOUS_MOVE = YES;
				CLANG_WARN_UNGUARDED_AVAILABILITY = YES_AGGRESSIVE;
				CLANG_WARN_UNREACHABLE_CODE = YES;
				CLANG_WARN__DUPLICATE_METHOD_MATCH = YES;
				CODE_SIGN_IDENTITY = "iPhone Developer";
				COPY_PHASE_STRIP = NO;
				DEBUG_INFORMATION_FORMAT = dwarf;
				ENABLE_STRICT_OBJC_MSGSEND = YES;
				ENABLE_TESTABILITY = YES;
				GCC_C_LANGUAGE_STANDARD = gnu11;
				GCC_DYNAMIC_NO_PIC = NO;
				GCC_NO_COMMON_BLOCKS = YES;
				GCC_OPTIMIZATION_LEVEL = 0;
				GCC_PREPROCESSOR_DEFINITIONS = (
					"DEBUG=1",
					"$(inherited)",
				);
				GCC_WARN_64_TO_32_BIT_CONVERSION = YES;
				GCC_WARN_ABOUT_RETURN_TYPE = YES_ERROR;
				GCC_WARN_UNDECLARED_SELECTOR = YES;
				GCC_WARN_UNINITIALIZED_AUTOS = YES_AGGRESSIVE;
				GCC_WARN_UNUSED_FUNCTION = YES;
				GCC_WARN_UNUSED_VARIABLE = YES;
				IPHONEOS_DEPLOYMENT_TARGET = 11.3;
				MTL_ENABLE_DEBUG_INFO = YES;
				ONLY_ACTIVE_ARCH = YES;
				SDKROOT = iphoneos;
				SWIFT_ACTIVE_COMPILATION_CONDITIONS = DEBUG;
				SWIFT_OPTIMIZATION_LEVEL = "-Onone";
			};
			name = Debug;
		};
		036D21142094B6F000E97E8B /* Release */ = {
			isa = XCBuildConfiguration;
			buildSettings = {
				ALWAYS_SEARCH_USER_PATHS = NO;
				CLANG_ANALYZER_NONNULL = YES;
				CLANG_ANALYZER_NUMBER_OBJECT_CONVERSION = YES_AGGRESSIVE;
				CLANG_CXX_LANGUAGE_STANDARD = "gnu++14";
				CLANG_CXX_LIBRARY = "libc++";
				CLANG_ENABLE_MODULES = YES;
				CLANG_ENABLE_OBJC_ARC = YES;
				CLANG_ENABLE_OBJC_WEAK = YES;
				CLANG_WARN_BLOCK_CAPTURE_AUTORELEASING = YES;
				CLANG_WARN_BOOL_CONVERSION = YES;
				CLANG_WARN_COMMA = YES;
				CLANG_WARN_CONSTANT_CONVERSION = YES;
				CLANG_WARN_DEPRECATED_OBJC_IMPLEMENTATIONS = YES;
				CLANG_WARN_DIRECT_OBJC_ISA_USAGE = YES_ERROR;
				CLANG_WARN_DOCUMENTATION_COMMENTS = YES;
				CLANG_WARN_EMPTY_BODY = YES;
				CLANG_WARN_ENUM_CONVERSION = YES;
				CLANG_WARN_INFINITE_RECURSION = YES;
				CLANG_WARN_INT_CONVERSION = YES;
				CLANG_WARN_NON_LITERAL_NULL_CONVERSION = YES;
				CLANG_WARN_OBJC_IMPLICIT_RETAIN_SELF = YES;
				CLANG_WARN_OBJC_LITERAL_CONVERSION = YES;
				CLANG_WARN_OBJC_ROOT_CLASS = YES_ERROR;
				CLANG_WARN_RANGE_LOOP_ANALYSIS = YES;
				CLANG_WARN_STRICT_PROTOTYPES = YES;
				CLANG_WARN_SUSPICIOUS_MOVE = YES;
				CLANG_WARN_UNGUARDED_AVAILABILITY = YES_AGGRESSIVE;
				CLANG_WARN_UNREACHABLE_CODE = YES;
				CLANG_WARN__DUPLICATE_METHOD_MATCH = YES;
				CODE_SIGN_IDENTITY = "iPhone Developer";
				COPY_PHASE_STRIP = NO;
				DEBUG_INFORMATION_FORMAT = "dwarf-with-dsym";
				ENABLE_NS_ASSERTIONS = NO;
				ENABLE_STRICT_OBJC_MSGSEND = YES;
				GCC_C_LANGUAGE_STANDARD = gnu11;
				GCC_NO_COMMON_BLOCKS = YES;
				GCC_WARN_64_TO_32_BIT_CONVERSION = YES;
				GCC_WARN_ABOUT_RETURN_TYPE = YES_ERROR;
				GCC_WARN_UNDECLARED_SELECTOR = YES;
				GCC_WARN_UNINITIALIZED_AUTOS = YES_AGGRESSIVE;
				GCC_WARN_UNUSED_FUNCTION = YES;
				GCC_WARN_UNUSED_VARIABLE = YES;
				IPHONEOS_DEPLOYMENT_TARGET = 11.3;
				MTL_ENABLE_DEBUG_INFO = NO;
				SDKROOT = iphoneos;
				SWIFT_COMPILATION_MODE = wholemodule;
				SWIFT_OPTIMIZATION_LEVEL = "-O";
				VALIDATE_PRODUCT = YES;
			};
			name = Release;
		};
		036D21162094B6F000E97E8B /* Debug */ = {
			isa = XCBuildConfiguration;
			buildSettings = {
				ASSETCATALOG_COMPILER_APPICON_NAME = AppIcon;
				CODE_SIGN_STYLE = Automatic;
				DEVELOPMENT_TEAM = ZGDYV3KT3T;
				INFOPLIST_FILE = TapAnimationButton/Info.plist;
				IPHONEOS_DEPLOYMENT_TARGET = 11.0;
				LD_RUNPATH_SEARCH_PATHS = (
					"$(inherited)",
					"@executable_path/Frameworks",
				);
				PRODUCT_BUNDLE_IDENTIFIER = Tsurumoto.TapAnimationButton;
				PRODUCT_NAME = "$(TARGET_NAME)";
				SWIFT_VERSION = 4.0;
				TARGETED_DEVICE_FAMILY = "1,2";
			};
			name = Debug;
		};
		036D21172094B6F000E97E8B /* Release */ = {
			isa = XCBuildConfiguration;
			buildSettings = {
				ASSETCATALOG_COMPILER_APPICON_NAME = AppIcon;
				CODE_SIGN_STYLE = Automatic;
				DEVELOPMENT_TEAM = ZGDYV3KT3T;
				INFOPLIST_FILE = TapAnimationButton/Info.plist;
				IPHONEOS_DEPLOYMENT_TARGET = 11.0;
				LD_RUNPATH_SEARCH_PATHS = (
					"$(inherited)",
					"@executable_path/Frameworks",
				);
				PRODUCT_BUNDLE_IDENTIFIER = Tsurumoto.TapAnimationButton;
				PRODUCT_NAME = "$(TARGET_NAME)";
				SWIFT_VERSION = 4.0;
				TARGETED_DEVICE_FAMILY = "1,2";
			};
			name = Release;
		};
/* End XCBuildConfiguration section */

/* Begin XCConfigurationList section */
		036D20FE2094B6EE00E97E8B /* Build configuration list for PBXProject "TapAnimationButton" */ = {
			isa = XCConfigurationList;
			buildConfigurations = (
				036D21132094B6F000E97E8B /* Debug */,
				036D21142094B6F000E97E8B /* Release */,
			);
			defaultConfigurationIsVisible = 0;
			defaultConfigurationName = Release;
		};
		036D21152094B6F000E97E8B /* Build configuration list for PBXNativeTarget "TapAnimationButton" */ = {
			isa = XCConfigurationList;
			buildConfigurations = (
				036D21162094B6F000E97E8B /* Debug */,
				036D21172094B6F000E97E8B /* Release */,
			);
			defaultConfigurationIsVisible = 0;
			defaultConfigurationName = Release;
		};
/* End XCConfigurationList section */
	};
	rootObject = 036D20FB2094B6EE00E97E8B /* Project object */;
}
